
Microsoft Visual Studio Solution File, Format Version 12.00
# Visual Studio Version 17
VisualStudioVersion = 17.10.35122.118
MinimumVisualStudioVersion = 10.0.40219.1
Project("{FAE04EC0-301F-11D3-BF4B-00C04F79EFBC}") = "Elasticsearch.WebAPI", "Elasticsearch.WebAPI.csproj", "{1BB12E41-1706-461F-8897-B3DC89774502}"
EndProject
Global
	GlobalSection(SolutionConfigurationPlatforms) = preSolution
		Debug|Any CPU = Debug|Any CPU
		Release|Any CPU = Release|Any CPU
	EndGlobalSection
	GlobalSection(ProjectConfigurationPlatforms) = postSolution
		{1BB12E41-1706-461F-8897-B3DC89774502}.Debug|Any CPU.ActiveCfg = Debug|Any CPU
		{1BB12E41-1706-461F-8897-B3DC89774502}.Debug|Any CPU.Build.0 = Debug|Any CPU
		{1BB12E41-1706-461F-8897-B3DC89774502}.Release|Any CPU.ActiveCfg = Release|Any CPU
		{1BB12E41-1706-461F-8897-B3DC89774502}.Release|Any CPU.Build.0 = Release|Any CPU
	EndGlobalSection
	GlobalSection(SolutionProperties) = preSolution
		HideSolutionNode = FALSE
	EndGlobalSection
	GlobalSection(ExtensibilityGlobals) = postSolution
		SolutionGuid = {29721A1A-3AAD-4DE9-BC9F-8DABE9B4C13D}
	EndGlobalSection
EndGlobal
